{
    "name": "leetcode",
    "version": "1.0.0",
    "lockfileVersion": 1,
    "requires": true,
    "dependencies": {
        "@types/chalk": {
            "version": "2.2.0",
            "resolved": "https://registry.npm.taobao.org/@types/chalk/download/@types/chalk-2.2.0.tgz",
            "integrity": "sha1-t/bkRvRRECnujj9DB1+1tz+6oLo=",
            "dev": true,
            "requires": {
                "chalk": "*"
            }
        },
        "chalk": {
            "version": "2.4.2",
            "resolved": "http://registry.m.jd.com/chalk/download/chalk-2.4.2.tgz",
            "dev": true,
            "dependencies": {
                "ansi-styles": {
                    "version": "http://registry.m.jd.com/ansi-styles/download/ansi-styles-3.2.1.tgz",
                    "bundled": true
                },
                "escape-string-regexp": {
                    "version": "http://registry.m.jd.com/escape-string-regexp/download/escape-string-regexp-1.0.5.tgz",
                    "bundled": true
                },
                "supports-color": {
                    "version": "http://registry.m.jd.com/supports-color/download/supports-color-5.5.0.tgz",
                    "bundled": true
                }
            }
        },
        "husky": {
            "version": "3.0.1",
            "resolved": "http://registry.m.jd.com/husky/download/husky-3.0.1.tgz",
            "dev": true,
            "requires": {
                "chalk": "^2.4.2"
            },
            "dependencies": {
                "chalk": {
                    "version": "http://registry.m.jd.com/chalk/download/chalk-2.4.2.tgz",
                    "dependencies": {
                        "ansi-styles": {
                            "version": "http://registry.m.jd.com/ansi-styles/download/ansi-styles-3.2.1.tgz",
                            "bundled": true
                        },
                        "escape-string-regexp": {
                            "version": "http://registry.m.jd.com/escape-string-regexp/download/escape-string-regexp-1.0.5.tgz",
                            "bundled": true
                        },
                        "supports-color": {
                            "version": "http://registry.m.jd.com/supports-color/download/supports-color-5.5.0.tgz",
                            "bundled": true
                        }
                    }
                },
                "cosmiconfig": {
                    "version": "http://registry.m.jd.com/cosmiconfig/download/cosmiconfig-5.2.1.tgz"
                },
                "execa": {
                    "version": "http://registry.m.jd.com/execa/download/execa-1.0.0.tgz"
                },
                "get-stdin": {
                    "version": "http://registry.m.jd.com/get-stdin/download/get-stdin-7.0.0.tgz"
                },
                "is-ci": {
                    "version": "http://registry.m.jd.com/is-ci/download/is-ci-2.0.0.tgz"
                },
                "opencollective-postinstall": {
                    "version": "http://registry.m.jd.com/opencollective-postinstall/download/opencollective-postinstall-2.0.2.tgz"
                },
                "pkg-dir": {
                    "version": "http://registry.m.jd.com/pkg-dir/download/pkg-dir-4.2.0.tgz"
                },
                "please-upgrade-node": {
                    "version": "http://registry.m.jd.com/please-upgrade-node/download/please-upgrade-node-3.1.1.tgz"
                },
                "read-pkg": {
                    "version": "http://registry.m.jd.com/read-pkg/download/read-pkg-5.2.0.tgz"
                },
                "run-node": {
                    "version": "http://registry.m.jd.com/run-node/download/run-node-1.0.0.tgz"
                },
                "slash": {
                    "version": "http://registry.m.jd.com/slash/download/slash-3.0.0.tgz"
                }
            }
        },
        "prettier": {
            "version": "1.18.2",
            "resolved": "http://registry.m.jd.com/prettier/download/prettier-1.18.2.tgz",
            "dev": true
        }
    }
}
